
Microsoft Visual Studio Solution File, Format Version 12.00
# Visual Studio 15
VisualStudioVersion = 15.0.26730.15
MinimumVisualStudioVersion = 10.0.40219.1
Project("{9A19103F-16F7-4668-BE54-9A1E7A4F7556}") = "Task1", "ConsoleApp1\Task1.csproj", "{0B43566C-E262-4180-9593-4FE75114EBAB}"
EndProject
Project("{9A19103F-16F7-4668-BE54-9A1E7A4F7556}") = "task2", "task2\task2.csproj", "{B2E0FC70-AB29-4061-918E-DCC180BC87FE}"
EndProject
Project("{9A19103F-16F7-4668-BE54-9A1E7A4F7556}") = "task3", "task3\task3.csproj", "{AD791EEC-61E6-4CFA-A279-CE30D870721C}"
EndProject
Project("{9A19103F-16F7-4668-BE54-9A1E7A4F7556}") = "Task4", "Task4\Task4.csproj", "{A77D034D-9D03-4B8C-A7BA-FD2579DF3841}"
EndProject
Project("{9A19103F-16F7-4668-BE54-9A1E7A4F7556}") = "task5", "task5\task5.csproj", "{FB56880D-D4E0-4DA4-B35E-87DE395F8DAE}"
EndProject
Project("{9A19103F-16F7-4668-BE54-9A1E7A4F7556}") = "task6", "task6\task6.csproj", "{E15D2B3C-8719-4918-9D9F-308BE626F8CB}"
EndProject
Project("{9A19103F-16F7-4668-BE54-9A1E7A4F7556}") = "Task7", "Task7\Task7.csproj", "{3CB3B245-EEFB-4A16-9D41-72428C74BA72}"
EndProject
Project("{FAE04EC0-301F-11D3-BF4B-00C04F79EFBC}") = "task8", "task8\task8.csproj", "{84FE59BB-6298-413A-9480-51A15F8E72C9}"
EndProject
Project("{FAE04EC0-301F-11D3-BF4B-00C04F79EFBC}") = "Task9", "Task9\Task9.csproj", "{67E6FF5E-CCB5-4D10-9274-0D12CD3E18CB}"
EndProject
Project("{FAE04EC0-301F-11D3-BF4B-00C04F79EFBC}") = "task10", "task10\task10.csproj", "{C2BF70DE-0ED3-41B3-8323-857CF1223F7C}"
EndProject
Project("{FAE04EC0-301F-11D3-BF4B-00C04F79EFBC}") = "Task11", "Task11\Task11.csproj", "{C3FED288-3296-46EC-8511-25607A453C25}"
EndProject
Project("{FAE04EC0-301F-11D3-BF4B-00C04F79EFBC}") = "task12", "task12\task12.csproj", "{82132CC3-0F5F-44E0-9613-06BEB5E2738A}"
EndProject
Project("{FAE04EC0-301F-11D3-BF4B-00C04F79EFBC}") = "Task13", "Task13\Task13.csproj", "{A16BCC93-FCD4-4AFD-9A82-ADE4699EA8AC}"
EndProject
Project("{FAE04EC0-301F-11D3-BF4B-00C04F79EFBC}") = "Task14", "Task14\Task14.csproj", "{EFECF5DF-9B7A-44A0-B792-A2BC7D522E7B}"
EndProject
Project("{FAE04EC0-301F-11D3-BF4B-00C04F79EFBC}") = "task15", "task15\task15.csproj", "{360549CF-2F9D-402E-862C-15FA0FD21CF5}"
EndProject
Project("{FAE04EC0-301F-11D3-BF4B-00C04F79EFBC}") = "Task16", "Task16\Task16.csproj", "{D6033F3C-FB67-4D7D-9211-23E5F62E6648}"
EndProject
Project("{FAE04EC0-301F-11D3-BF4B-00C04F79EFBC}") = "funktio1", "funktio1\funktio1.csproj", "{81DB0F93-37C6-48A6-9ADD-2342F6A80055}"
EndProject
Project("{FAE04EC0-301F-11D3-BF4B-00C04F79EFBC}") = "funktio1.2", "funktio1.2\funktio1.2.csproj", "{9E73EB7B-B59B-4BEB-89AD-D526345D1BCD}"
EndProject
Project("{FAE04EC0-301F-11D3-BF4B-00C04F79EFBC}") = "funktio1.3", "funktio1.3\funktio1.3.csproj", "{C5E0498C-0E24-4E20-816D-42FE72E6C88C}"
EndProject
Project("{FAE04EC0-301F-11D3-BF4B-00C04F79EFBC}") = "funktio1.4", "funktio1.4\funktio1.4.csproj", "{CA6EA97A-3A5B-434A-A987-4CC42968AF30}"
EndProject
Global
	GlobalSection(SolutionConfigurationPlatforms) = preSolution
		Debug|Any CPU = Debug|Any CPU
		Release|Any CPU = Release|Any CPU
	EndGlobalSection
	GlobalSection(ProjectConfigurationPlatforms) = postSolution
		{0B43566C-E262-4180-9593-4FE75114EBAB}.Debug|Any CPU.ActiveCfg = Debug|Any CPU
		{0B43566C-E262-4180-9593-4FE75114EBAB}.Debug|Any CPU.Build.0 = Debug|Any CPU
		{0B43566C-E262-4180-9593-4FE75114EBAB}.Release|Any CPU.ActiveCfg = Release|Any CPU
		{0B43566C-E262-4180-9593-4FE75114EBAB}.Release|Any CPU.Build.0 = Release|Any CPU
		{B2E0FC70-AB29-4061-918E-DCC180BC87FE}.Debug|Any CPU.ActiveCfg = Debug|Any CPU
		{B2E0FC70-AB29-4061-918E-DCC180BC87FE}.Debug|Any CPU.Build.0 = Debug|Any CPU
		{B2E0FC70-AB29-4061-918E-DCC180BC87FE}.Release|Any CPU.ActiveCfg = Release|Any CPU
		{B2E0FC70-AB29-4061-918E-DCC180BC87FE}.Release|Any CPU.Build.0 = Release|Any CPU
		{AD791EEC-61E6-4CFA-A279-CE30D870721C}.Debug|Any CPU.ActiveCfg = Debug|Any CPU
		{AD791EEC-61E6-4CFA-A279-CE30D870721C}.Debug|Any CPU.Build.0 = Debug|Any CPU
		{AD791EEC-61E6-4CFA-A279-CE30D870721C}.Release|Any CPU.ActiveCfg = Release|Any CPU
		{AD791EEC-61E6-4CFA-A279-CE30D870721C}.Release|Any CPU.Build.0 = Release|Any CPU
		{A77D034D-9D03-4B8C-A7BA-FD2579DF3841}.Debug|Any CPU.ActiveCfg = Debug|Any CPU
		{A77D034D-9D03-4B8C-A7BA-FD2579DF3841}.Debug|Any CPU.Build.0 = Debug|Any CPU
		{A77D034D-9D03-4B8C-A7BA-FD2579DF3841}.Release|Any CPU.ActiveCfg = Release|Any CPU
		{A77D034D-9D03-4B8C-A7BA-FD2579DF3841}.Release|Any CPU.Build.0 = Release|Any CPU
		{FB56880D-D4E0-4DA4-B35E-87DE395F8DAE}.Debug|Any CPU.ActiveCfg = Debug|Any CPU
		{FB56880D-D4E0-4DA4-B35E-87DE395F8DAE}.Debug|Any CPU.Build.0 = Debug|Any CPU
		{FB56880D-D4E0-4DA4-B35E-87DE395F8DAE}.Release|Any CPU.ActiveCfg = Release|Any CPU
		{FB56880D-D4E0-4DA4-B35E-87DE395F8DAE}.Release|Any CPU.Build.0 = Release|Any CPU
		{E15D2B3C-8719-4918-9D9F-308BE626F8CB}.Debug|Any CPU.ActiveCfg = Debug|Any CPU
		{E15D2B3C-8719-4918-9D9F-308BE626F8CB}.Debug|Any CPU.Build.0 = Debug|Any CPU
		{E15D2B3C-8719-4918-9D9F-308BE626F8CB}.Release|Any CPU.ActiveCfg = Release|Any CPU
		{E15D2B3C-8719-4918-9D9F-308BE626F8CB}.Release|Any CPU.Build.0 = Release|Any CPU
		{3CB3B245-EEFB-4A16-9D41-72428C74BA72}.Debug|Any CPU.ActiveCfg = Debug|Any CPU
		{3CB3B245-EEFB-4A16-9D41-72428C74BA72}.Debug|Any CPU.Build.0 = Debug|Any CPU
		{3CB3B245-EEFB-4A16-9D41-72428C74BA72}.Release|Any CPU.ActiveCfg = Release|Any CPU
		{3CB3B245-EEFB-4A16-9D41-72428C74BA72}.Release|Any CPU.Build.0 = Release|Any CPU
		{84FE59BB-6298-413A-9480-51A15F8E72C9}.Debug|Any CPU.ActiveCfg = Debug|Any CPU
		{84FE59BB-6298-413A-9480-51A15F8E72C9}.Debug|Any CPU.Build.0 = Debug|Any CPU
		{84FE59BB-6298-413A-9480-51A15F8E72C9}.Release|Any CPU.ActiveCfg = Release|Any CPU
		{84FE59BB-6298-413A-9480-51A15F8E72C9}.Release|Any CPU.Build.0 = Release|Any CPU
		{67E6FF5E-CCB5-4D10-9274-0D12CD3E18CB}.Debug|Any CPU.ActiveCfg = Debug|Any CPU
		{67E6FF5E-CCB5-4D10-9274-0D12CD3E18CB}.Debug|Any CPU.Build.0 = Debug|Any CPU
		{67E6FF5E-CCB5-4D10-9274-0D12CD3E18CB}.Release|Any CPU.ActiveCfg = Release|Any CPU
		{67E6FF5E-CCB5-4D10-9274-0D12CD3E18CB}.Release|Any CPU.Build.0 = Release|Any CPU
		{C2BF70DE-0ED3-41B3-8323-857CF1223F7C}.Debug|Any CPU.ActiveCfg = Debug|Any CPU
		{C2BF70DE-0ED3-41B3-8323-857CF1223F7C}.Debug|Any CPU.Build.0 = Debug|Any CPU
		{C2BF70DE-0ED3-41B3-8323-857CF1223F7C}.Release|Any CPU.ActiveCfg = Release|Any CPU
		{C2BF70DE-0ED3-41B3-8323-857CF1223F7C}.Release|Any CPU.Build.0 = Release|Any CPU
		{C3FED288-3296-46EC-8511-25607A453C25}.Debug|Any CPU.ActiveCfg = Debug|Any CPU
		{C3FED288-3296-46EC-8511-25607A453C25}.Debug|Any CPU.Build.0 = Debug|Any CPU
		{C3FED288-3296-46EC-8511-25607A453C25}.Release|Any CPU.ActiveCfg = Release|Any CPU
		{C3FED288-3296-46EC-8511-25607A453C25}.Release|Any CPU.Build.0 = Release|Any CPU
		{82132CC3-0F5F-44E0-9613-06BEB5E2738A}.Debug|Any CPU.ActiveCfg = Debug|Any CPU
		{82132CC3-0F5F-44E0-9613-06BEB5E2738A}.Debug|Any CPU.Build.0 = Debug|Any CPU
		{82132CC3-0F5F-44E0-9613-06BEB5E2738A}.Release|Any CPU.ActiveCfg = Release|Any CPU
		{82132CC3-0F5F-44E0-9613-06BEB5E2738A}.Release|Any CPU.Build.0 = Release|Any CPU
		{A16BCC93-FCD4-4AFD-9A82-ADE4699EA8AC}.Debug|Any CPU.ActiveCfg = Debug|Any CPU
		{A16BCC93-FCD4-4AFD-9A82-ADE4699EA8AC}.Debug|Any CPU.Build.0 = Debug|Any CPU
		{A16BCC93-FCD4-4AFD-9A82-ADE4699EA8AC}.Release|Any CPU.ActiveCfg = Release|Any CPU
		{A16BCC93-FCD4-4AFD-9A82-ADE4699EA8AC}.Release|Any CPU.Build.0 = Release|Any CPU
		{EFECF5DF-9B7A-44A0-B792-A2BC7D522E7B}.Debug|Any CPU.ActiveCfg = Debug|Any CPU
		{EFECF5DF-9B7A-44A0-B792-A2BC7D522E7B}.Debug|Any CPU.Build.0 = Debug|Any CPU
		{EFECF5DF-9B7A-44A0-B792-A2BC7D522E7B}.Release|Any CPU.ActiveCfg = Release|Any CPU
		{EFECF5DF-9B7A-44A0-B792-A2BC7D522E7B}.Release|Any CPU.Build.0 = Release|Any CPU
		{360549CF-2F9D-402E-862C-15FA0FD21CF5}.Debug|Any CPU.ActiveCfg = Debug|Any CPU
		{360549CF-2F9D-402E-862C-15FA0FD21CF5}.Debug|Any CPU.Build.0 = Debug|Any CPU
		{360549CF-2F9D-402E-862C-15FA0FD21CF5}.Release|Any CPU.ActiveCfg = Release|Any CPU
		{360549CF-2F9D-402E-862C-15FA0FD21CF5}.Release|Any CPU.Build.0 = Release|Any CPU
		{D6033F3C-FB67-4D7D-9211-23E5F62E6648}.Debug|Any CPU.ActiveCfg = Debug|Any CPU
		{D6033F3C-FB67-4D7D-9211-23E5F62E6648}.Debug|Any CPU.Build.0 = Debug|Any CPU
		{D6033F3C-FB67-4D7D-9211-23E5F62E6648}.Release|Any CPU.ActiveCfg = Release|Any CPU
		{D6033F3C-FB67-4D7D-9211-23E5F62E6648}.Release|Any CPU.Build.0 = Release|Any CPU
		{81DB0F93-37C6-48A6-9ADD-2342F6A80055}.Debug|Any CPU.ActiveCfg = Debug|Any CPU
		{81DB0F93-37C6-48A6-9ADD-2342F6A80055}.Debug|Any CPU.Build.0 = Debug|Any CPU
		{81DB0F93-37C6-48A6-9ADD-2342F6A80055}.Release|Any CPU.ActiveCfg = Release|Any CPU
		{81DB0F93-37C6-48A6-9ADD-2342F6A80055}.Release|Any CPU.Build.0 = Release|Any CPU
		{9E73EB7B-B59B-4BEB-89AD-D526345D1BCD}.Debug|Any CPU.ActiveCfg = Debug|Any CPU
		{9E73EB7B-B59B-4BEB-89AD-D526345D1BCD}.Debug|Any CPU.Build.0 = Debug|Any CPU
		{9E73EB7B-B59B-4BEB-89AD-D526345D1BCD}.Release|Any CPU.ActiveCfg = Release|Any CPU
		{9E73EB7B-B59B-4BEB-89AD-D526345D1BCD}.Release|Any CPU.Build.0 = Release|Any CPU
		{C5E0498C-0E24-4E20-816D-42FE72E6C88C}.Debug|Any CPU.ActiveCfg = Debug|Any CPU
		{C5E0498C-0E24-4E20-816D-42FE72E6C88C}.Debug|Any CPU.Build.0 = Debug|Any CPU
		{C5E0498C-0E24-4E20-816D-42FE72E6C88C}.Release|Any CPU.ActiveCfg = Release|Any CPU
		{C5E0498C-0E24-4E20-816D-42FE72E6C88C}.Release|Any CPU.Build.0 = Release|Any CPU
		{CA6EA97A-3A5B-434A-A987-4CC42968AF30}.Debug|Any CPU.ActiveCfg = Debug|Any CPU
		{CA6EA97A-3A5B-434A-A987-4CC42968AF30}.Debug|Any CPU.Build.0 = Debug|Any CPU
		{CA6EA97A-3A5B-434A-A987-4CC42968AF30}.Release|Any CPU.ActiveCfg = Release|Any CPU
		{CA6EA97A-3A5B-434A-A987-4CC42968AF30}.Release|Any CPU.Build.0 = Release|Any CPU
	EndGlobalSection
	GlobalSection(SolutionProperties) = preSolution
		HideSolutionNode = FALSE
	EndGlobalSection
	GlobalSection(ExtensibilityGlobals) = postSolution
		SolutionGuid = {AEA9DFA3-227F-494E-BFFD-DA7C45D42FC5}
	EndGlobalSection
EndGlobal
